
Microsoft Visual Studio Solution File, Format Version 12.00
# Visual Studio 15
VisualStudioVersion = 15.0.27924.0
MinimumVisualStudioVersion = 10.0.40219.1
Project("{FAE04EC0-301F-11D3-BF4B-00C04F79EFBC}") = "WebApplication1", "WebApplication1\WebApplication1.csproj", "{AD8A8532-C0C8-4E7F-8D3C-85DDD7EA8979}"
EndProject
Project("{9A19103F-16F7-4668-BE54-9A1E7A4F7556}") = "RazorClassLibrary", "RazorClassLibrary\RazorClassLibrary.csproj", "{DE818804-01F4-4EFA-BA90-D07FC74FB061}"
EndProject
Global
	GlobalSection(SolutionConfigurationPlatforms) = preSolution
		Debug|Any CPU = Debug|Any CPU
		Release|Any CPU = Release|Any CPU
	EndGlobalSection
	GlobalSection(ProjectConfigurationPlatforms) = postSolution
		{AD8A8532-C0C8-4E7F-8D3C-85DDD7EA8979}.Debug|Any CPU.ActiveCfg = Debug|Any CPU
		{AD8A8532-C0C8-4E7F-8D3C-85DDD7EA8979}.Debug|Any CPU.Build.0 = Debug|Any CPU
		{AD8A8532-C0C8-4E7F-8D3C-85DDD7EA8979}.Release|Any CPU.ActiveCfg = Release|Any CPU
		{AD8A8532-C0C8-4E7F-8D3C-85DDD7EA8979}.Release|Any CPU.Build.0 = Release|Any CPU
		{DE818804-01F4-4EFA-BA90-D07FC74FB061}.Debug|Any CPU.ActiveCfg = Debug|Any CPU
		{DE818804-01F4-4EFA-BA90-D07FC74FB061}.Debug|Any CPU.Build.0 = Debug|Any CPU
		{DE818804-01F4-4EFA-BA90-D07FC74FB061}.Release|Any CPU.ActiveCfg = Release|Any CPU
		{DE818804-01F4-4EFA-BA90-D07FC74FB061}.Release|Any CPU.Build.0 = Release|Any CPU
	EndGlobalSection
	GlobalSection(SolutionProperties) = preSolution
		HideSolutionNode = FALSE
	EndGlobalSection
	GlobalSection(ExtensibilityGlobals) = postSolution
		SolutionGuid = {48C44F8D-1283-42AB-A992-6718DBC1BFF2}
	EndGlobalSection
EndGlobal
