
Microsoft Visual Studio Solution File, Format Version 12.00
# Visual Studio 15
VisualStudioVersion = 15.0.27924.0
MinimumVisualStudioVersion = 10.0.40219.1
Project("{FAE04EC0-301F-11D3-BF4B-00C04F79EFBC}") = "ChatApp", "ChatApp\ChatApp.csproj", "{3249B94B-346C-43D6-86D3-442F1F896400}"
EndProject
Global
	GlobalSection(SolutionConfigurationPlatforms) = preSolution
		Debug|Any CPU = Debug|Any CPU
		Release|Any CPU = Release|Any CPU
	EndGlobalSection
	GlobalSection(ProjectConfigurationPlatforms) = postSolution
		{3249B94B-346C-43D6-86D3-442F1F896400}.Debug|Any CPU.ActiveCfg = Debug|Any CPU
		{3249B94B-346C-43D6-86D3-442F1F896400}.Debug|Any CPU.Build.0 = Debug|Any CPU
		{3249B94B-346C-43D6-86D3-442F1F896400}.Release|Any CPU.ActiveCfg = Release|Any CPU
		{3249B94B-346C-43D6-86D3-442F1F896400}.Release|Any CPU.Build.0 = Release|Any CPU
	EndGlobalSection
	GlobalSection(SolutionProperties) = preSolution
		HideSolutionNode = FALSE
	EndGlobalSection
	GlobalSection(ExtensibilityGlobals) = postSolution
		SolutionGuid = {853BFF35-A362-42D8-A6BF-9A71D23192DF}
	EndGlobalSection
EndGlobal
