
Microsoft Visual Studio Solution File, Format Version 12.00
# Visual Studio 15
VisualStudioVersion = 15.0.27924.0
MinimumVisualStudioVersion = 10.0.40219.1
Project("{FAE04EC0-301F-11D3-BF4B-00C04F79EFBC}") = "RolebaseAuthorization", "RolebaseAuthorization\RolebaseAuthorization.csproj", "{8EDF900D-AF78-4E52-8C53-F0E00771D19A}"
EndProject
Global
	GlobalSection(SolutionConfigurationPlatforms) = preSolution
		Debug|Any CPU = Debug|Any CPU
		Release|Any CPU = Release|Any CPU
	EndGlobalSection
	GlobalSection(ProjectConfigurationPlatforms) = postSolution
		{8EDF900D-AF78-4E52-8C53-F0E00771D19A}.Debug|Any CPU.ActiveCfg = Debug|Any CPU
		{8EDF900D-AF78-4E52-8C53-F0E00771D19A}.Debug|Any CPU.Build.0 = Debug|Any CPU
		{8EDF900D-AF78-4E52-8C53-F0E00771D19A}.Release|Any CPU.ActiveCfg = Release|Any CPU
		{8EDF900D-AF78-4E52-8C53-F0E00771D19A}.Release|Any CPU.Build.0 = Release|Any CPU
	EndGlobalSection
	GlobalSection(SolutionProperties) = preSolution
		HideSolutionNode = FALSE
	EndGlobalSection
	GlobalSection(ExtensibilityGlobals) = postSolution
		SolutionGuid = {8408C153-3523-42E0-98DE-92CB53E844F1}
	EndGlobalSection
EndGlobal
