
Microsoft Visual Studio Solution File, Format Version 12.00
# Visual Studio 15
VisualStudioVersion = 15.0.27004.2000
MinimumVisualStudioVersion = 10.0.40219.1
Project("{FAE04EC0-301F-11D3-BF4B-00C04F79EFBC}") = "demoLogging", "demoLogging\demoLogging.csproj", "{7EC7D0E2-59BB-4B0B-9126-BB356A6ED7A4}"
EndProject
Global
	GlobalSection(SolutionConfigurationPlatforms) = preSolution
		Debug|Any CPU = Debug|Any CPU
		Release|Any CPU = Release|Any CPU
	EndGlobalSection
	GlobalSection(ProjectConfigurationPlatforms) = postSolution
		{7EC7D0E2-59BB-4B0B-9126-BB356A6ED7A4}.Debug|Any CPU.ActiveCfg = Debug|Any CPU
		{7EC7D0E2-59BB-4B0B-9126-BB356A6ED7A4}.Debug|Any CPU.Build.0 = Debug|Any CPU
		{7EC7D0E2-59BB-4B0B-9126-BB356A6ED7A4}.Release|Any CPU.ActiveCfg = Release|Any CPU
		{7EC7D0E2-59BB-4B0B-9126-BB356A6ED7A4}.Release|Any CPU.Build.0 = Release|Any CPU
	EndGlobalSection
	GlobalSection(SolutionProperties) = preSolution
		HideSolutionNode = FALSE
	EndGlobalSection
	GlobalSection(ExtensibilityGlobals) = postSolution
		SolutionGuid = {1E4BF65D-FD72-4979-AD53-94EBC916555B}
	EndGlobalSection
EndGlobal
