
Microsoft Visual Studio Solution File, Format Version 12.00
# Visual Studio 15
VisualStudioVersion = 15.0.27604.0
MinimumVisualStudioVersion = 10.0.40219.1
Project("{9A19103F-16F7-4668-BE54-9A1E7A4F7556}") = "BlazorDemoApp", "BlazorDemoApp\BlazorDemoApp.csproj", "{DF93B7C3-B55F-417E-89F4-0DB58D1A3F5E}"
EndProject
Global
	GlobalSection(SolutionConfigurationPlatforms) = preSolution
		Debug|Any CPU = Debug|Any CPU
		Release|Any CPU = Release|Any CPU
	EndGlobalSection
	GlobalSection(ProjectConfigurationPlatforms) = postSolution
		{DF93B7C3-B55F-417E-89F4-0DB58D1A3F5E}.Debug|Any CPU.ActiveCfg = Debug|Any CPU
		{DF93B7C3-B55F-417E-89F4-0DB58D1A3F5E}.Debug|Any CPU.Build.0 = Debug|Any CPU
		{DF93B7C3-B55F-417E-89F4-0DB58D1A3F5E}.Release|Any CPU.ActiveCfg = Release|Any CPU
		{DF93B7C3-B55F-417E-89F4-0DB58D1A3F5E}.Release|Any CPU.Build.0 = Release|Any CPU
	EndGlobalSection
	GlobalSection(SolutionProperties) = preSolution
		HideSolutionNode = FALSE
	EndGlobalSection
	GlobalSection(ExtensibilityGlobals) = postSolution
		SolutionGuid = {554A27BF-7EB1-4A38-87C3-4AAAE9EA6E52}
	EndGlobalSection
EndGlobal
