Microsoft Visual Studio Solution File, Format Version 12.00
# Visual Studio 15
VisualStudioVersion = 15.0.27130.2027
MinimumVisualStudioVersion = 15.0.26124.0
Project("{9A19103F-16F7-4668-BE54-9A1E7A4F7556}") = "Unittest", "Unittest\Unittest.csproj", "{4CB342C9-043B-4CFB-AAC8-5B13C61C7ED6}"
EndProject
Project("{9A19103F-16F7-4668-BE54-9A1E7A4F7556}") = "TestProject", "TestProject\TestProject.csproj", "{44B8E3C2-11CB-4546-ABB1-7E813889C09B}"
	ProjectSection(ProjectDependencies) = postProject
		{4CB342C9-043B-4CFB-AAC8-5B13C61C7ED6} = {4CB342C9-043B-4CFB-AAC8-5B13C61C7ED6}
	EndProjectSection
EndProject
Global
	GlobalSection(SolutionConfigurationPlatforms) = preSolution
		Debug|Any CPU = Debug|Any CPU
		Debug|x64 = Debug|x64
		Debug|x86 = Debug|x86
		Release|Any CPU = Release|Any CPU
		Release|x64 = Release|x64
		Release|x86 = Release|x86
	EndGlobalSection
	GlobalSection(ProjectConfigurationPlatforms) = postSolution
		{4CB342C9-043B-4CFB-AAC8-5B13C61C7ED6}.Debug|Any CPU.ActiveCfg = Debug|Any CPU
		{4CB342C9-043B-4CFB-AAC8-5B13C61C7ED6}.Debug|Any CPU.Build.0 = Debug|Any CPU
		{4CB342C9-043B-4CFB-AAC8-5B13C61C7ED6}.Debug|x64.ActiveCfg = Debug|Any CPU
		{4CB342C9-043B-4CFB-AAC8-5B13C61C7ED6}.Debug|x64.Build.0 = Debug|Any CPU
		{4CB342C9-043B-4CFB-AAC8-5B13C61C7ED6}.Debug|x86.ActiveCfg = Debug|Any CPU
		{4CB342C9-043B-4CFB-AAC8-5B13C61C7ED6}.Debug|x86.Build.0 = Debug|Any CPU
		{4CB342C9-043B-4CFB-AAC8-5B13C61C7ED6}.Release|Any CPU.ActiveCfg = Release|Any CPU
		{4CB342C9-043B-4CFB-AAC8-5B13C61C7ED6}.Release|Any CPU.Build.0 = Release|Any CPU
		{4CB342C9-043B-4CFB-AAC8-5B13C61C7ED6}.Release|x64.ActiveCfg = Release|Any CPU
		{4CB342C9-043B-4CFB-AAC8-5B13C61C7ED6}.Release|x64.Build.0 = Release|Any CPU
		{4CB342C9-043B-4CFB-AAC8-5B13C61C7ED6}.Release|x86.ActiveCfg = Release|Any CPU
		{4CB342C9-043B-4CFB-AAC8-5B13C61C7ED6}.Release|x86.Build.0 = Release|Any CPU
		{44B8E3C2-11CB-4546-ABB1-7E813889C09B}.Debug|Any CPU.ActiveCfg = Debug|Any CPU
		{44B8E3C2-11CB-4546-ABB1-7E813889C09B}.Debug|Any CPU.Build.0 = Debug|Any CPU
		{44B8E3C2-11CB-4546-ABB1-7E813889C09B}.Debug|x64.ActiveCfg = Debug|Any CPU
		{44B8E3C2-11CB-4546-ABB1-7E813889C09B}.Debug|x64.Build.0 = Debug|Any CPU
		{44B8E3C2-11CB-4546-ABB1-7E813889C09B}.Debug|x86.ActiveCfg = Debug|Any CPU
		{44B8E3C2-11CB-4546-ABB1-7E813889C09B}.Debug|x86.Build.0 = Debug|Any CPU
		{44B8E3C2-11CB-4546-ABB1-7E813889C09B}.Release|Any CPU.ActiveCfg = Release|Any CPU
		{44B8E3C2-11CB-4546-ABB1-7E813889C09B}.Release|Any CPU.Build.0 = Release|Any CPU
		{44B8E3C2-11CB-4546-ABB1-7E813889C09B}.Release|x64.ActiveCfg = Release|Any CPU
		{44B8E3C2-11CB-4546-ABB1-7E813889C09B}.Release|x64.Build.0 = Release|Any CPU
		{44B8E3C2-11CB-4546-ABB1-7E813889C09B}.Release|x86.ActiveCfg = Release|Any CPU
		{44B8E3C2-11CB-4546-ABB1-7E813889C09B}.Release|x86.Build.0 = Release|Any CPU
	EndGlobalSection
	GlobalSection(SolutionProperties) = preSolution
		HideSolutionNode = FALSE
	EndGlobalSection
	GlobalSection(ExtensibilityGlobals) = postSolution
		SolutionGuid = {78796508-7C4A-4105-951D-5E20DE5A0B8A}
	EndGlobalSection
EndGlobal
