
Microsoft Visual Studio Solution File, Format Version 12.00
# Visual Studio 15
VisualStudioVersion = 15.0.26228.10
MinimumVisualStudioVersion = 10.0.40219.1
Project("{FAE04EC0-301F-11D3-BF4B-00C04F79EFBC}") = "AreasExample", "Areas\AreasExample.csproj", "{AB4914FE-01F1-4E21-BAB1-6D117C7C2659}"
EndProject
Global
	GlobalSection(SolutionConfigurationPlatforms) = preSolution
		Debug|Any CPU = Debug|Any CPU
		Release|Any CPU = Release|Any CPU
	EndGlobalSection
	GlobalSection(ProjectConfigurationPlatforms) = postSolution
		{AB4914FE-01F1-4E21-BAB1-6D117C7C2659}.Debug|Any CPU.ActiveCfg = Debug|Any CPU
		{AB4914FE-01F1-4E21-BAB1-6D117C7C2659}.Debug|Any CPU.Build.0 = Debug|Any CPU
		{AB4914FE-01F1-4E21-BAB1-6D117C7C2659}.Release|Any CPU.ActiveCfg = Release|Any CPU
		{AB4914FE-01F1-4E21-BAB1-6D117C7C2659}.Release|Any CPU.Build.0 = Release|Any CPU
	EndGlobalSection
	GlobalSection(SolutionProperties) = preSolution
		HideSolutionNode = FALSE
	EndGlobalSection
EndGlobal
