
Microsoft Visual Studio Solution File, Format Version 12.00
# Visual Studio 15
VisualStudioVersion = 15.0.27924.0
MinimumVisualStudioVersion = 10.0.40219.1
Project("{FAE04EC0-301F-11D3-BF4B-00C04F79EFBC}") = "SecureWebApp", "SecureWebApp\SecureWebApp.csproj", "{59C58009-17D4-49C5-AC37-C3C56EFD78A4}"
EndProject
Global
	GlobalSection(SolutionConfigurationPlatforms) = preSolution
		Debug|Any CPU = Debug|Any CPU
		Release|Any CPU = Release|Any CPU
	EndGlobalSection
	GlobalSection(ProjectConfigurationPlatforms) = postSolution
		{59C58009-17D4-49C5-AC37-C3C56EFD78A4}.Debug|Any CPU.ActiveCfg = Debug|Any CPU
		{59C58009-17D4-49C5-AC37-C3C56EFD78A4}.Debug|Any CPU.Build.0 = Debug|Any CPU
		{59C58009-17D4-49C5-AC37-C3C56EFD78A4}.Release|Any CPU.ActiveCfg = Release|Any CPU
		{59C58009-17D4-49C5-AC37-C3C56EFD78A4}.Release|Any CPU.Build.0 = Release|Any CPU
	EndGlobalSection
	GlobalSection(SolutionProperties) = preSolution
		HideSolutionNode = FALSE
	EndGlobalSection
	GlobalSection(ExtensibilityGlobals) = postSolution
		SolutionGuid = {2FC58247-383A-481B-9337-996E402192F8}
	EndGlobalSection
EndGlobal
